
Microsoft Visual Studio Solution File, Format Version 12.00
# Visual Studio 14
VisualStudioVersion = 14.0.25420.1
MinimumVisualStudioVersion = 10.0.40219.1
Project("{FAE04EC0-301F-11D3-BF4B-00C04F79EFBC}") = "BankApplication", "BankAplication\BankApplication.csproj", "{92805AA6-BEA4-4F40-9EFB-1137B91967E6}"
EndProject
Project("{FAE04EC0-301F-11D3-BF4B-00C04F79EFBC}") = "BankLibrary", "BankLibrary\BankLibrary.csproj", "{B67BECC6-40E5-4510-BA97-8CA347408039}"
EndProject
Global
	GlobalSection(SolutionConfigurationPlatforms) = preSolution
		Debug|Any CPU = Debug|Any CPU
		Release|Any CPU = Release|Any CPU
	EndGlobalSection
	GlobalSection(ProjectConfigurationPlatforms) = postSolution
		{92805AA6-BEA4-4F40-9EFB-1137B91967E6}.Debug|Any CPU.ActiveCfg = Debug|Any CPU
		{92805AA6-BEA4-4F40-9EFB-1137B91967E6}.Debug|Any CPU.Build.0 = Debug|Any CPU
		{92805AA6-BEA4-4F40-9EFB-1137B91967E6}.Release|Any CPU.ActiveCfg = Release|Any CPU
		{92805AA6-BEA4-4F40-9EFB-1137B91967E6}.Release|Any CPU.Build.0 = Release|Any CPU
		{B67BECC6-40E5-4510-BA97-8CA347408039}.Debug|Any CPU.ActiveCfg = Debug|Any CPU
		{B67BECC6-40E5-4510-BA97-8CA347408039}.Debug|Any CPU.Build.0 = Debug|Any CPU
		{B67BECC6-40E5-4510-BA97-8CA347408039}.Release|Any CPU.ActiveCfg = Release|Any CPU
		{B67BECC6-40E5-4510-BA97-8CA347408039}.Release|Any CPU.Build.0 = Release|Any CPU
	EndGlobalSection
	GlobalSection(SolutionProperties) = preSolution
		HideSolutionNode = FALSE
	EndGlobalSection
EndGlobal
